
Microsoft Visual Studio Solution File, Format Version 12.00
# Visual Studio Version 17
VisualStudioVersion = 17.5.33414.496
MinimumVisualStudioVersion = 10.0.40219.1
Project("{FAE04EC0-301F-11D3-BF4B-00C04F79EFBC}") = "Telephone", "Telephone.csproj", "{626A9B99-2967-45C5-AB22-892D5CB6A806}"
EndProject
Global
	GlobalSection(SolutionConfigurationPlatforms) = preSolution
		Debug|Any CPU = Debug|Any CPU
		Release|Any CPU = Release|Any CPU
	EndGlobalSection
	GlobalSection(ProjectConfigurationPlatforms) = postSolution
		{626A9B99-2967-45C5-AB22-892D5CB6A806}.Debug|Any CPU.ActiveCfg = Debug|Any CPU
		{626A9B99-2967-45C5-AB22-892D5CB6A806}.Debug|Any CPU.Build.0 = Debug|Any CPU
		{626A9B99-2967-45C5-AB22-892D5CB6A806}.Release|Any CPU.ActiveCfg = Release|Any CPU
		{626A9B99-2967-45C5-AB22-892D5CB6A806}.Release|Any CPU.Build.0 = Release|Any CPU
	EndGlobalSection
	GlobalSection(SolutionProperties) = preSolution
		HideSolutionNode = FALSE
	EndGlobalSection
	GlobalSection(ExtensibilityGlobals) = postSolution
		SolutionGuid = {DB7CB59A-8E94-4A24-AC6A-9EB01ABA6D03}
	EndGlobalSection
EndGlobal
